
Microsoft Visual Studio Solution File, Format Version 12.00
# Visual Studio Version 17
VisualStudioVersion = 17.6.33815.320
MinimumVisualStudioVersion = 10.0.40219.1
Project("{FAE04EC0-301F-11D3-BF4B-00C04F79EFBC}") = "ErrorHandling", "ErrorHandling.csproj", "{512985A7-703A-46FA-A314-123E172978A5}"
EndProject
Global
	GlobalSection(SolutionConfigurationPlatforms) = preSolution
		Debug|Any CPU = Debug|Any CPU
		Release|Any CPU = Release|Any CPU
	EndGlobalSection
	GlobalSection(ProjectConfigurationPlatforms) = postSolution
		{512985A7-703A-46FA-A314-123E172978A5}.Debug|Any CPU.ActiveCfg = Debug|Any CPU
		{512985A7-703A-46FA-A314-123E172978A5}.Debug|Any CPU.Build.0 = Debug|Any CPU
		{512985A7-703A-46FA-A314-123E172978A5}.Release|Any CPU.ActiveCfg = Release|Any CPU
		{512985A7-703A-46FA-A314-123E172978A5}.Release|Any CPU.Build.0 = Release|Any CPU
	EndGlobalSection
	GlobalSection(SolutionProperties) = preSolution
		HideSolutionNode = FALSE
	EndGlobalSection
	GlobalSection(ExtensibilityGlobals) = postSolution
		SolutionGuid = {82A777CC-80E6-4811-B94F-CA25D1EA39FC}
	EndGlobalSection
EndGlobal
